
Microsoft Visual Studio Solution File, Format Version 12.00
# Visual Studio Version 16
VisualStudioVersion = 16.0.31410.357
MinimumVisualStudioVersion = 10.0.40219.1
Project("{9A19103F-16F7-4668-BE54-9A1E7A4F7556}") = "Linq HWS", "Linq HWS.csproj", "{20A014D3-2700-4DE2-A42D-40868CC8927A}"
EndProject
Global
	GlobalSection(SolutionConfigurationPlatforms) = preSolution
		Debug|Any CPU = Debug|Any CPU
		Release|Any CPU = Release|Any CPU
	EndGlobalSection
	GlobalSection(ProjectConfigurationPlatforms) = postSolution
		{20A014D3-2700-4DE2-A42D-40868CC8927A}.Debug|Any CPU.ActiveCfg = Debug|Any CPU
		{20A014D3-2700-4DE2-A42D-40868CC8927A}.Debug|Any CPU.Build.0 = Debug|Any CPU
		{20A014D3-2700-4DE2-A42D-40868CC8927A}.Release|Any CPU.ActiveCfg = Release|Any CPU
		{20A014D3-2700-4DE2-A42D-40868CC8927A}.Release|Any CPU.Build.0 = Release|Any CPU
	EndGlobalSection
	GlobalSection(SolutionProperties) = preSolution
		HideSolutionNode = FALSE
	EndGlobalSection
	GlobalSection(ExtensibilityGlobals) = postSolution
		SolutionGuid = {7A7E9B99-8491-4312-B629-541961F1ACC1}
	EndGlobalSection
EndGlobal
